
Microsoft Visual Studio Solution File, Format Version 12.00
# Visual Studio 14
VisualStudioVersion = 14.0.24720.0
MinimumVisualStudioVersion = 10.0.40219.1
Project("{FAE04EC0-301F-11D3-BF4B-00C04F79EFBC}") = "WCFHostConsoleApp", "WCFHost\WCFHostConsoleApp.csproj", "{CC0E0A49-0498-4ABB-B1CD-FD4DB3FB0A92}"
EndProject
Project("{FAE04EC0-301F-11D3-BF4B-00C04F79EFBC}") = "WCFClient", "WCFClient\WCFClient.csproj", "{F65192E3-E3C2-4903-971B-B7AE345D903C}"
	ProjectSection(ProjectDependencies) = postProject
		{6257F5BB-2B91-4E68-964C-7F08DD17DBCB} = {6257F5BB-2B91-4E68-964C-7F08DD17DBCB}
	EndProjectSection
EndProject
Project("{FAE04EC0-301F-11D3-BF4B-00C04F79EFBC}") = "BLL", "BLL\BLL.csproj", "{CC599C9E-0C4A-46EF-BBB6-C64510E0DA98}"
EndProject
Project("{FAE04EC0-301F-11D3-BF4B-00C04F79EFBC}") = "IBLL", "IBLL\IBLL.csproj", "{4E62E31F-0AC2-4F67-B784-8A16AD6778B0}"
EndProject
Project("{FAE04EC0-301F-11D3-BF4B-00C04F79EFBC}") = "Model", "Model\Model.csproj", "{259FC6FD-2A68-4AE8-8D3B-1C8566831580}"
EndProject
Project("{FAE04EC0-301F-11D3-BF4B-00C04F79EFBC}") = "WcfServiceApplicationHost", "WcfServiceApplicationHost\WcfServiceApplicationHost.csproj", "{6257F5BB-2B91-4E68-964C-7F08DD17DBCB}"
EndProject
Global
	GlobalSection(SolutionConfigurationPlatforms) = preSolution
		Debug|Any CPU = Debug|Any CPU
		Release|Any CPU = Release|Any CPU
	EndGlobalSection
	GlobalSection(ProjectConfigurationPlatforms) = postSolution
		{CC0E0A49-0498-4ABB-B1CD-FD4DB3FB0A92}.Debug|Any CPU.ActiveCfg = Debug|Any CPU
		{CC0E0A49-0498-4ABB-B1CD-FD4DB3FB0A92}.Debug|Any CPU.Build.0 = Debug|Any CPU
		{CC0E0A49-0498-4ABB-B1CD-FD4DB3FB0A92}.Release|Any CPU.ActiveCfg = Release|Any CPU
		{CC0E0A49-0498-4ABB-B1CD-FD4DB3FB0A92}.Release|Any CPU.Build.0 = Release|Any CPU
		{F65192E3-E3C2-4903-971B-B7AE345D903C}.Debug|Any CPU.ActiveCfg = Debug|Any CPU
		{F65192E3-E3C2-4903-971B-B7AE345D903C}.Debug|Any CPU.Build.0 = Debug|Any CPU
		{F65192E3-E3C2-4903-971B-B7AE345D903C}.Release|Any CPU.ActiveCfg = Release|Any CPU
		{F65192E3-E3C2-4903-971B-B7AE345D903C}.Release|Any CPU.Build.0 = Release|Any CPU
		{CC599C9E-0C4A-46EF-BBB6-C64510E0DA98}.Debug|Any CPU.ActiveCfg = Debug|Any CPU
		{CC599C9E-0C4A-46EF-BBB6-C64510E0DA98}.Debug|Any CPU.Build.0 = Debug|Any CPU
		{CC599C9E-0C4A-46EF-BBB6-C64510E0DA98}.Release|Any CPU.ActiveCfg = Release|Any CPU
		{CC599C9E-0C4A-46EF-BBB6-C64510E0DA98}.Release|Any CPU.Build.0 = Release|Any CPU
		{4E62E31F-0AC2-4F67-B784-8A16AD6778B0}.Debug|Any CPU.ActiveCfg = Debug|Any CPU
		{4E62E31F-0AC2-4F67-B784-8A16AD6778B0}.Debug|Any CPU.Build.0 = Debug|Any CPU
		{4E62E31F-0AC2-4F67-B784-8A16AD6778B0}.Release|Any CPU.ActiveCfg = Release|Any CPU
		{4E62E31F-0AC2-4F67-B784-8A16AD6778B0}.Release|Any CPU.Build.0 = Release|Any CPU
		{259FC6FD-2A68-4AE8-8D3B-1C8566831580}.Debug|Any CPU.ActiveCfg = Debug|Any CPU
		{259FC6FD-2A68-4AE8-8D3B-1C8566831580}.Debug|Any CPU.Build.0 = Debug|Any CPU
		{259FC6FD-2A68-4AE8-8D3B-1C8566831580}.Release|Any CPU.ActiveCfg = Release|Any CPU
		{259FC6FD-2A68-4AE8-8D3B-1C8566831580}.Release|Any CPU.Build.0 = Release|Any CPU
		{6257F5BB-2B91-4E68-964C-7F08DD17DBCB}.Debug|Any CPU.ActiveCfg = Debug|Any CPU
		{6257F5BB-2B91-4E68-964C-7F08DD17DBCB}.Debug|Any CPU.Build.0 = Debug|Any CPU
		{6257F5BB-2B91-4E68-964C-7F08DD17DBCB}.Release|Any CPU.ActiveCfg = Release|Any CPU
		{6257F5BB-2B91-4E68-964C-7F08DD17DBCB}.Release|Any CPU.Build.0 = Release|Any CPU
	EndGlobalSection
	GlobalSection(SolutionProperties) = preSolution
		HideSolutionNode = FALSE
	EndGlobalSection
EndGlobal
